{
  "name": "test-project",
  "version": "1.0.0",
  "lockfileVersion": 3,
  "packages": {
    "": {
      "name": "test-project",
      "version": "1.0.0"
    },
    "node_modules/express": {
      "version": "4.17.1"
    },
    "node_modules/lodash": {
      "version": "4.17.21"
    },
    "node_modules/@tanstack/arktype-adapter": {
      "version": "0.2.1"
    }
  }
}
